// !$*UTF8*$!
{
	archiveVersion = 1;
	classes = {
	};
	objectVersion = 46;
	objects = {

/* Begin PBXBuildFile section */
		1FCACA911F79BECD00DC392D /* AppDelegate.swift in Sources */ = {isa = PBXBuildFile; fileRef = 1FCACA901F79BECD00DC392D /* AppDelegate.swift */; };
		1FCACA931F79BECD00DC392D /* ViewController.swift in Sources */ = {isa = PBXBuildFile; fileRef = 1FCACA921F79BECD00DC392D /* ViewController.swift */; };
		1FCACA961F79BECD00DC392D /* Main.storyboard in Resources */ = {isa = PBXBuildFile; fileRef = 1FCACA941F79BECD00DC392D /* Main.storyboard */; };
		1FCACA991F79BECD00DC392D /* practice2.xcdatamodeld in Sources */ = {isa = PBXBuildFile; fileRef = 1FCACA971F79BECD00DC392D /* practice2.xcdatamodeld */; };
		1FCACA9B1F79BECD00DC392D /* Assets.xcassets in Resources */ = {isa = PBXBuildFile; fileRef = 1FCACA9A1F79BECD00DC392D /* Assets.xcassets */; };
		1FCACA9E1F79BECD00DC392D /* LaunchScreen.storyboard in Resources */ = {isa = PBXBuildFile; fileRef = 1FCACA9C1F79BECD00DC392D /* LaunchScreen.storyboard */; };
		1FCACAA91F79BECD00DC392D /* practice2Tests.swift in Sources */ = {isa = PBXBuildFile; fileRef = 1FCACAA81F79BECD00DC392D /* practice2Tests.swift */; };
		1FCACAB41F79BECD00DC392D /* practice2UITests.swift in Sources */ = {isa = PBXBuildFile; fileRef = 1FCACAB31F79BECD00DC392D /* practice2UITests.swift */; };
/* End PBXBuildFile section */

/* Begin PBXContainerItemProxy section */
		1FCACAA51F79BECD00DC392D /* PBXContainerItemProxy */ = {
			isa = PBXContainerItemProxy;
			containerPortal = 1FCACA851F79BECD00DC392D /* Project object */;
			proxyType = 1;
			remoteGlobalIDString = 1FCACA8C1F79BECD00DC392D;
			remoteInfo = practice2;
		};
		1FCACAB01F79BECD00DC392D /* PBXContainerItemProxy */ = {
			isa = PBXContainerItemProxy;
			containerPortal = 1FCACA851F79BECD00DC392D /* Project object */;
			proxyType = 1;
			remoteGlobalIDString = 1FCACA8C1F79BECD00DC392D;
			remoteInfo = practice2;
		};
/* End PBXContainerItemProxy section */

/* Begin PBXFileReference section */
		1FCACA8D1F79BECD00DC392D /* practice2.app */ = {isa = PBXFileReference; explicitFileType = wrapper.application; includeInIndex = 0; path = practice2.app; sourceTree = BUILT_PRODUCTS_DIR; };
		1FCACA901F79BECD00DC392D /* AppDelegate.swift */ = {isa = PBXFileReference; lastKnownFileType = sourcecode.swift; path = AppDelegate.swift; sourceTree = "<group>"; };
		1FCACA921F79BECD00DC392D /* ViewController.swift */ = {isa = PBXFileReference; lastKnownFileType = sourcecode.swift; path = ViewController.swift; sourceTree = "<group>"; };
		1FCACA951F79BECD00DC392D /* Base */ = {isa = PBXFileReference; lastKnownFileType = file.storyboard; name = Base; path = Base.lproj/Main.storyboard; sourceTree = "<group>"; };
		1FCACA981F79BECD00DC392D /* practice2.xcdatamodel */ = {isa = PBXFileReference; lastKnownFileType = wrapper.xcdatamodel; path = practice2.xcdatamodel; sourceTree = "<group>"; };
		1FCACA9A1F79BECD00DC392D /* Assets.xcassets */ = {isa = PBXFileReference; lastKnownFileType = folder.assetcatalog; path = Assets.xcassets; sourceTree = "<group>"; };
		1FCACA9D1F79BECD00DC392D /* Base */ = {isa = PBXFileReference; lastKnownFileType = file.storyboard; name = Base; path = Base.lproj/LaunchScreen.storyboard; sourceTree = "<group>"; };
		1FCACA9F1F79BECD00DC392D /* Info.plist */ = {isa = PBXFileReference; lastKnownFileType = text.plist.xml; path = Info.plist; sourceTree = "<group>"; };
		1FCACAA41F79BECD00DC392D /* practice2Tests.xctest */ = {isa = PBXFileReference; explicitFileType = wrapper.cfbundle; includeInIndex = 0; path = practice2Tests.xctest; sourceTree = BUILT_PRODUCTS_DIR; };
		1FCACAA81F79BECD00DC392D /* practice2Tests.swift */ = {isa = PBXFileReference; lastKnownFileType = sourcecode.swift; path = practice2Tests.swift; sourceTree = "<group>"; };
		1FCACAAA1F79BECD00DC392D /* Info.plist */ = {isa = PBXFileReference; lastKnownFileType = text.plist.xml; path = Info.plist; sourceTree = "<group>"; };
		1FCACAAF1F79BECD00DC392D /* practice2UITests.xctest */ = {isa = PBXFileReference; explicitFileType = wrapper.cfbundle; includeInIndex = 0; path = practice2UITests.xctest; sourceTree = BUILT_PRODUCTS_DIR; };
		1FCACAB31F79BECD00DC392D /* practice2UITests.swift */ = {isa = PBXFileReference; lastKnownFileType = sourcecode.swift; path = practice2UITests.swift; sourceTree = "<group>"; };
		1FCACAB51F79BECD00DC392D /* Info.plist */ = {isa = PBXFileReference; lastKnownFileType = text.plist.xml; path = Info.plist; sourceTree = "<group>"; };
/* End PBXFileReference section */

/* Begin PBXFrameworksBuildPhase section */
		1FCACA8A1F79BECD00DC392D /* Frameworks */ = {
			isa = PBXFrameworksBuildPhase;
			buildActionMask = 2147483647;
			files = (
			);
			runOnlyForDeploymentPostprocessing = 0;
		};
		1FCACAA11F79BECD00DC392D /* Frameworks */ = {
			isa = PBXFrameworksBuildPhase;
			buildActionMask = 2147483647;
			files = (
			);
			runOnlyForDeploymentPostprocessing = 0;
		};
		1FCACAAC1F79BECD00DC392D /* Frameworks */ = {
			isa = PBXFrameworksBuildPhase;
			buildActionMask = 2147483647;
			files = (
			);
			runOnlyForDeploymentPostprocessing = 0;
		};
/* End PBXFrameworksBuildPhase section */

/* Begin PBXGroup section */
		1FCACA841F79BECD00DC392D = {
			isa = PBXGroup;
			children = (
				1FCACA8F1F79BECD00DC392D /* practice2 */,
				1FCACAA71F79BECD00DC392D /* practice2Tests */,
				1FCACAB21F79BECD00DC392D /* practice2UITests */,
				1FCACA8E1F79BECD00DC392D /* Products */,
			);
			sourceTree = "<group>";
		};
		1FCACA8E1F79BECD00DC392D /* Products */ = {
			isa = PBXGroup;
			children = (
				1FCACA8D1F79BECD00DC392D /* practice2.app */,
				1FCACAA41F79BECD00DC392D /* practice2Tests.xctest */,
				1FCACAAF1F79BECD00DC392D /* practice2UITests.xctest */,
			);
			name = Products;
			sourceTree = "<group>";
		};
		1FCACA8F1F79BECD00DC392D /* practice2 */ = {
			isa = PBXGroup;
			children = (
				1FCACA901F79BECD00DC392D /* AppDelegate.swift */,
				1FCACA921F79BECD00DC392D /* ViewController.swift */,
				1FCACA941F79BECD00DC392D /* Main.storyboard */,
				1FCACA9A1F79BECD00DC392D /* Assets.xcassets */,
				1FCACA9C1F79BECD00DC392D /* LaunchScreen.storyboard */,
				1FCACA9F1F79BECD00DC392D /* Info.plist */,
				1FCACA971F79BECD00DC392D /* practice2.xcdatamodeld */,
			);
			path = practice2;
			sourceTree = "<group>";
		};
		1FCACAA71F79BECD00DC392D /* practice2Tests */ = {
			isa = PBXGroup;
			children = (
				1FCACAA81F79BECD00DC392D /* practice2Tests.swift */,
				1FCACAAA1F79BECD00DC392D /* Info.plist */,
			);
			path = practice2Tests;
			sourceTree = "<group>";
		};
		1FCACAB21F79BECD00DC392D /* practice2UITests */ = {
			isa = PBXGroup;
			children = (
				1FCACAB31F79BECD00DC392D /* practice2UITests.swift */,
				1FCACAB51F79BECD00DC392D /* Info.plist */,
			);
			path = practice2UITests;
			sourceTree = "<group>";
		};
/* End PBXGroup section */

/* Begin PBXNativeTarget section */
		1FCACA8C1F79BECD00DC392D /* practice2 */ = {
			isa = PBXNativeTarget;
			buildConfigurationList = 1FCACAB81F79BECD00DC392D /* Build configuration list for PBXNativeTarget "practice2" */;
			buildPhases = (
				1FCACA891F79BECD00DC392D /* Sources */,
				1FCACA8A1F79BECD00DC392D /* Frameworks */,
				1FCACA8B1F79BECD00DC392D /* Resources */,
			);
			buildRules = (
			);
			dependencies = (
			);
			name = practice2;
			productName = practice2;
			productReference = 1FCACA8D1F79BECD00DC392D /* practice2.app */;
			productType = "com.apple.product-type.application";
		};
		1FCACAA31F79BECD00DC392D /* practice2Tests */ = {
			isa = PBXNativeTarget;
			buildConfigurationList = 1FCACABB1F79BECD00DC392D /* Build configuration list for PBXNativeTarget "practice2Tests" */;
			buildPhases = (
				1FCACAA01F79BECD00DC392D /* Sources */,
				1FCACAA11F79BECD00DC392D /* Frameworks */,
				1FCACAA21F79BECD00DC392D /* Resources */,
			);
			buildRules = (
			);
			dependencies = (
				1FCACAA61F79BECD00DC392D /* PBXTargetDependency */,
			);
			name = practice2Tests;
			productName = practice2Tests;
			productReference = 1FCACAA41F79BECD00DC392D /* practice2Tests.xctest */;
			productType = "com.apple.product-type.bundle.unit-test";
		};
		1FCACAAE1F79BECD00DC392D /* practice2UITests */ = {
			isa = PBXNativeTarget;
			buildConfigurationList = 1FCACABE1F79BECD00DC392D /* Build configuration list for PBXNativeTarget "practice2UITests" */;
			buildPhases = (
				1FCACAAB1F79BECD00DC392D /* Sources */,
				1FCACAAC1F79BECD00DC392D /* Frameworks */,
				1FCACAAD1F79BECD00DC392D /* Resources */,
			);
			buildRules = (
			);
			dependencies = (
				1FCACAB11F79BECD00DC392D /* PBXTargetDependency */,
			);
			name = practice2UITests;
			productName = practice2UITests;
			productReference = 1FCACAAF1F79BECD00DC392D /* practice2UITests.xctest */;
			productType = "com.apple.product-type.bundle.ui-testing";
		};
/* End PBXNativeTarget section */

/* Begin PBXProject section */
		1FCACA851F79BECD00DC392D /* Project object */ = {
			isa = PBXProject;
			attributes = {
				LastSwiftUpdateCheck = 0830;
				LastUpgradeCheck = 0830;
				ORGANIZATIONNAME = "Enrico Pineda";
				TargetAttributes = {
					1FCACA8C1F79BECD00DC392D = {
						CreatedOnToolsVersion = 8.3.3;
						ProvisioningStyle = Automatic;
					};
					1FCACAA31F79BECD00DC392D = {
						CreatedOnToolsVersion = 8.3.3;
						ProvisioningStyle = Automatic;
						TestTargetID = 1FCACA8C1F79BECD00DC392D;
					};
					1FCACAAE1F79BECD00DC392D = {
						CreatedOnToolsVersion = 8.3.3;
						ProvisioningStyle = Automatic;
						TestTargetID = 1FCACA8C1F79BECD00DC392D;
					};
				};
			};
			buildConfigurationList = 1FCACA881F79BECD00DC392D /* Build configuration list for PBXProject "practice2" */;
			compatibilityVersion = "Xcode 3.2";
			developmentRegion = English;
			hasScannedForEncodings = 0;
			knownRegions = (
				en,
				Base,
			);
			mainGroup = 1FCACA841F79BECD00DC392D;
			productRefGroup = 1FCACA8E1F79BECD00DC392D /* Products */;
			projectDirPath = "";
			projectRoot = "";
			targets = (
				1FCACA8C1F79BECD00DC392D /* practice2 */,
				1FCACAA31F79BECD00DC392D /* practice2Tests */,
				1FCACAAE1F79BECD00DC392D /* practice2UITests */,
			);
		};
/* End PBXProject section */

/* Begin PBXResourcesBuildPhase section */
		1FCACA8B1F79BECD00DC392D /* Resources */ = {
			isa = PBXResourcesBuildPhase;
			buildActionMask = 2147483647;
			files = (
				1FCACA9E1F79BECD00DC392D /* LaunchScreen.storyboard in Resources */,
				1FCACA9B1F79BECD00DC392D /* Assets.xcassets in Resources */,
				1FCACA961F79BECD00DC392D /* Main.storyboard in Resources */,
			);
			runOnlyForDeploymentPostprocessing = 0;
		};
		1FCACAA21F79BECD00DC392D /* Resources */ = {
			isa = PBXResourcesBuildPhase;
			buildActionMask = 2147483647;
			files = (
			);
			runOnlyForDeploymentPostprocessing = 0;
		};
		1FCACAAD1F79BECD00DC392D /* Resources */ = {
			isa = PBXResourcesBuildPhase;
			buildActionMask = 2147483647;
			files = (
			);
			runOnlyForDeploymentPostprocessing = 0;
		};
/* End PBXResourcesBuildPhase section */

/* Begin PBXSourcesBuildPhase section */
		1FCACA891F79BECD00DC392D /* Sources */ = {
			isa = PBXSourcesBuildPhase;
			buildActionMask = 2147483647;
			files = (
				1FCACA931F79BECD00DC392D /* ViewController.swift in Sources */,
				1FCACA911F79BECD00DC392D /* AppDelegate.swift in Sources */,
				1FCACA991F79BECD00DC392D /* practice2.xcdatamodeld in Sources */,
			);
			runOnlyForDeploymentPostprocessing = 0;
		};
		1FCACAA01F79BECD00DC392D /* Sources */ = {
			isa = PBXSourcesBuildPhase;
			buildActionMask = 2147483647;
			files = (
				1FCACAA91F79BECD00DC392D /* practice2Tests.swift in Sources */,
			);
			runOnlyForDeploymentPostprocessing = 0;
		};
		1FCACAAB1F79BECD00DC392D /* Sources */ = {
			isa = PBXSourcesBuildPhase;
			buildActionMask = 2147483647;
			files = (
				1FCACAB41F79BECD00DC392D /* practice2UITests.swift in Sources */,
			);
			runOnlyForDeploymentPostprocessing = 0;
		};
/* End PBXSourcesBuildPhase section */

/* Begin PBXTargetDependency section */
		1FCACAA61F79BECD00DC392D /* PBXTargetDependency */ = {
			isa = PBXTargetDependency;
			target = 1FCACA8C1F79BECD00DC392D /* practice2 */;
			targetProxy = 1FCACAA51F79BECD00DC392D /* PBXContainerItemProxy */;
		};
		1FCACAB11F79BECD00DC392D /* PBXTargetDependency */ = {
			isa = PBXTargetDependency;
			target = 1FCACA8C1F79BECD00DC392D /* practice2 */;
			targetProxy = 1FCACAB01F79BECD00DC392D /* PBXContainerItemProxy */;
		};
/* End PBXTargetDependency section */

/* Begin PBXVariantGroup section */
		1FCACA941F79BECD00DC392D /* Main.storyboard */ = {
			isa = PBXVariantGroup;
			children = (
				1FCACA951F79BECD00DC392D /* Base */,
			);
			name = Main.storyboard;
			sourceTree = "<group>";
		};
		1FCACA9C1F79BECD00DC392D /* LaunchScreen.storyboard */ = {
			isa = PBXVariantGroup;
			children = (
				1FCACA9D1F79BECD00DC392D /* Base */,
			);
			name = LaunchScreen.storyboard;
			sourceTree = "<group>";
		};
/* End PBXVariantGroup section */

/* Begin XCBuildConfiguration section */
		1FCACAB61F79BECD00DC392D /* Debug */ = {
			isa = XCBuildConfiguration;
			buildSettings = {
				ALWAYS_SEARCH_USER_PATHS = NO;
				CLANG_ANALYZER_NONNULL = YES;
				CLANG_ANALYZER_NUMBER_OBJECT_CONVERSION = YES_AGGRESSIVE;
				CLANG_CXX_LANGUAGE_STANDARD = "gnu++0x";
				CLANG_CXX_LIBRARY = "libc++";
				CLANG_ENABLE_MODULES = YES;
				CLANG_ENABLE_OBJC_ARC = YES;
				CLANG_WARN_BOOL_CONVERSION = YES;
				CLANG_WARN_CONSTANT_CONVERSION = YES;
				CLANG_WARN_DIRECT_OBJC_ISA_USAGE = YES_ERROR;
				CLANG_WARN_DOCUMENTATION_COMMENTS = YES;
				CLANG_WARN_EMPTY_BODY = YES;
				CLANG_WARN_ENUM_CONVERSION = YES;
				CLANG_WARN_INFINITE_RECURSION = YES;
				CLANG_WARN_INT_CONVERSION = YES;
				CLANG_WARN_OBJC_ROOT_CLASS = YES_ERROR;
				CLANG_WARN_SUSPICIOUS_MOVE = YES;
				CLANG_WARN_UNREACHABLE_CODE = YES;
				CLANG_WARN__DUPLICATE_METHOD_MATCH = YES;
				"CODE_SIGN_IDENTITY[sdk=iphoneos*]" = "iPhone Developer";
				COPY_PHASE_STRIP = NO;
				DEBUG_INFORMATION_FORMAT = dwarf;
				ENABLE_STRICT_OBJC_MSGSEND = YES;
				ENABLE_TESTABILITY = YES;
				GCC_C_LANGUAGE_STANDARD = gnu99;
				GCC_DYNAMIC_NO_PIC = NO;
				GCC_NO_COMMON_BLOCKS = YES;
				GCC_OPTIMIZATION_LEVEL = 0;
				GCC_PREPROCESSOR_DEFINITIONS = (
					"DEBUG=1",
					"$(inherited)",
				);
				GCC_WARN_64_TO_32_BIT_CONVERSION = YES;
				GCC_WARN_ABOUT_RETURN_TYPE = YES_ERROR;
				GCC_WARN_UNDECLARED_SELECTOR = YES;
				GCC_WARN_UNINITIALIZED_AUTOS = YES_AGGRESSIVE;
				GCC_WARN_UNUSED_FUNCTION = YES;
				GCC_WARN_UNUSED_VARIABLE = YES;
				IPHONEOS_DEPLOYMENT_TARGET = 10.3;
				MTL_ENABLE_DEBUG_INFO = YES;
				ONLY_ACTIVE_ARCH = YES;
				SDKROOT = iphoneos;
				SWIFT_ACTIVE_COMPILATION_CONDITIONS = DEBUG;
				SWIFT_OPTIMIZATION_LEVEL = "-Onone";
				TARGETED_DEVICE_FAMILY = "1,2";
			};
			name = Debug;
		};
		1FCACAB71F79BECD00DC392D /* Release */ = {
			isa = XCBuildConfiguration;
			buildSettings = {
				ALWAYS_SEARCH_USER_PATHS = NO;
				CLANG_ANALYZER_NONNULL = YES;
				CLANG_ANALYZER_NUMBER_OBJECT_CONVERSION = YES_AGGRESSIVE;
				CLANG_CXX_LANGUAGE_STANDARD = "gnu++0x";
				CLANG_CXX_LIBRARY = "libc++";
				CLANG_ENABLE_MODULES = YES;
				CLANG_ENABLE_OBJC_ARC = YES;
				CLANG_WARN_BOOL_CONVERSION = YES;
				CLANG_WARN_CONSTANT_CONVERSION = YES;
				CLANG_WARN_DIRECT_OBJC_ISA_USAGE = YES_ERROR;
				CLANG_WARN_DOCUMENTATION_COMMENTS = YES;
				CLANG_WARN_EMPTY_BODY = YES;
				CLANG_WARN_ENUM_CONVERSION = YES;
				CLANG_WARN_INFINITE_RECURSION = YES;
				CLANG_WARN_INT_CONVERSION = YES;
				CLANG_WARN_OBJC_ROOT_CLASS = YES_ERROR;
				CLANG_WARN_SUSPICIOUS_MOVE = YES;
				CLANG_WARN_UNREACHABLE_CODE = YES;
				CLANG_WARN__DUPLICATE_METHOD_MATCH = YES;
				"CODE_SIGN_IDENTITY[sdk=iphoneos*]" = "iPhone Developer";
				COPY_PHASE_STRIP = NO;
				DEBUG_INFORMATION_FORMAT = "dwarf-with-dsym";
				ENABLE_NS_ASSERTIONS = NO;
				ENABLE_STRICT_OBJC_MSGSEND = YES;
				GCC_C_LANGUAGE_STANDARD = gnu99;
				GCC_NO_COMMON_BLOCKS = YES;
				GCC_WARN_64_TO_32_BIT_CONVERSION = YES;
				GCC_WARN_ABOUT_RETURN_TYPE = YES_ERROR;
				GCC_WARN_UNDECLARED_SELECTOR = YES;
				GCC_WARN_UNINITIALIZED_AUTOS = YES_AGGRESSIVE;
				GCC_WARN_UNUSED_FUNCTION = YES;
				GCC_WARN_UNUSED_VARIABLE = YES;
				IPHONEOS_DEPLOYMENT_TARGET = 10.3;
				MTL_ENABLE_DEBUG_INFO = NO;
				SDKROOT = iphoneos;
				SWIFT_OPTIMIZATION_LEVEL = "-Owholemodule";
				TARGETED_DEVICE_FAMILY = "1,2";
				VALIDATE_PRODUCT = YES;
			};
			name = Release;
		};
		1FCACAB91F79BECD00DC392D /* Debug */ = {
			isa = XCBuildConfiguration;
			buildSettings = {
				ASSETCATALOG_COMPILER_APPICON_NAME = AppIcon;
				INFOPLIST_FILE = practice2/Info.plist;
				LD_RUNPATH_SEARCH_PATHS = "$(inherited) @executable_path/Frameworks";
				PRODUCT_BUNDLE_IDENTIFIER = com.codingdojo.practice2;
				PRODUCT_NAME = "$(TARGET_NAME)";
				SWIFT_VERSION = 3.0;
			};
			name = Debug;
		};
		1FCACABA1F79BECD00DC392D /* Release */ = {
			isa = XCBuildConfiguration;
			buildSettings = {
				ASSETCATALOG_COMPILER_APPICON_NAME = AppIcon;
				INFOPLIST_FILE = practice2/Info.plist;
				LD_RUNPATH_SEARCH_PATHS = "$(inherited) @executable_path/Frameworks";
				PRODUCT_BUNDLE_IDENTIFIER = com.codingdojo.practice2;
				PRODUCT_NAME = "$(TARGET_NAME)";
				SWIFT_VERSION = 3.0;
			};
			name = Release;
		};
		1FCACABC1F79BECD00DC392D /* Debug */ = {
			isa = XCBuildConfiguration;
			buildSettings = {
				ALWAYS_EMBED_SWIFT_STANDARD_LIBRARIES = YES;
				BUNDLE_LOADER = "$(TEST_HOST)";
				INFOPLIST_FILE = practice2Tests/Info.plist;
				LD_RUNPATH_SEARCH_PATHS = "$(inherited) @executable_path/Frameworks @loader_path/Frameworks";
				PRODUCT_BUNDLE_IDENTIFIER = com.codingdojo.practice2Tests;
				PRODUCT_NAME = "$(TARGET_NAME)";
				SWIFT_VERSION = 3.0;
				TEST_HOST = "$(BUILT_PRODUCTS_DIR)/practice2.app/practice2";
			};
			name = Debug;
		};
		1FCACABD1F79BECD00DC392D /* Release */ = {
			isa = XCBuildConfiguration;
			buildSettings = {
				ALWAYS_EMBED_SWIFT_STANDARD_LIBRARIES = YES;
				BUNDLE_LOADER = "$(TEST_HOST)";
				INFOPLIST_FILE = practice2Tests/Info.plist;
				LD_RUNPATH_SEARCH_PATHS = "$(inherited) @executable_path/Frameworks @loader_path/Frameworks";
				PRODUCT_BUNDLE_IDENTIFIER = com.codingdojo.practice2Tests;
				PRODUCT_NAME = "$(TARGET_NAME)";
				SWIFT_VERSION = 3.0;
				TEST_HOST = "$(BUILT_PRODUCTS_DIR)/practice2.app/practice2";
			};
			name = Release;
		};
		1FCACABF1F79BECD00DC392D /* Debug */ = {
			isa = XCBuildConfiguration;
			buildSettings = {
				ALWAYS_EMBED_SWIFT_STANDARD_LIBRARIES = YES;
				INFOPLIST_FILE = practice2UITests/Info.plist;
				LD_RUNPATH_SEARCH_PATHS = "$(inherited) @executable_path/Frameworks @loader_path/Frameworks";
				PRODUCT_BUNDLE_IDENTIFIER = com.codingdojo.practice2UITests;
				PRODUCT_NAME = "$(TARGET_NAME)";
				SWIFT_VERSION = 3.0;
				TEST_TARGET_NAME = practice2;
			};
			name = Debug;
		};
		1FCACAC01F79BECD00DC392D /* Release */ = {
			isa = XCBuildConfiguration;
			buildSettings = {
				ALWAYS_EMBED_SWIFT_STANDARD_LIBRARIES = YES;
				INFOPLIST_FILE = practice2UITests/Info.plist;
				LD_RUNPATH_SEARCH_PATHS = "$(inherited) @executable_path/Frameworks @loader_path/Frameworks";
				PRODUCT_BUNDLE_IDENTIFIER = com.codingdojo.practice2UITests;
				PRODUCT_NAME = "$(TARGET_NAME)";
				SWIFT_VERSION = 3.0;
				TEST_TARGET_NAME = practice2;
			};
			name = Release;
		};
/* End XCBuildConfiguration section */

/* Begin XCConfigurationList section */
		1FCACA881F79BECD00DC392D /* Build configuration list for PBXProject "practice2" */ = {
			isa = XCConfigurationList;
			buildConfigurations = (
				1FCACAB61F79BECD00DC392D /* Debug */,
				1FCACAB71F79BECD00DC392D /* Release */,
			);
			defaultConfigurationIsVisible = 0;
			defaultConfigurationName = Release;
		};
		1FCACAB81F79BECD00DC392D /* Build configuration list for PBXNativeTarget "practice2" */ = {
			isa = XCConfigurationList;
			buildConfigurations = (
				1FCACAB91F79BECD00DC392D /* Debug */,
				1FCACABA1F79BECD00DC392D /* Release */,
			);
			defaultConfigurationIsVisible = 0;
		};
		1FCACABB1F79BECD00DC392D /* Build configuration list for PBXNativeTarget "practice2Tests" */ = {
			isa = XCConfigurationList;
			buildConfigurations = (
				1FCACABC1F79BECD00DC392D /* Debug */,
				1FCACABD1F79BECD00DC392D /* Release */,
			);
			defaultConfigurationIsVisible = 0;
		};
		1FCACABE1F79BECD00DC392D /* Build configuration list for PBXNativeTarget "practice2UITests" */ = {
			isa = XCConfigurationList;
			buildConfigurations = (
				1FCACABF1F79BECD00DC392D /* Debug */,
				1FCACAC01F79BECD00DC392D /* Release */,
			);
			defaultConfigurationIsVisible = 0;
		};
/* End XCConfigurationList section */

/* Begin XCVersionGroup section */
		1FCACA971F79BECD00DC392D /* practice2.xcdatamodeld */ = {
			isa = XCVersionGroup;
			children = (
				1FCACA981F79BECD00DC392D /* practice2.xcdatamodel */,
			);
			currentVersion = 1FCACA981F79BECD00DC392D /* practice2.xcdatamodel */;
			path = practice2.xcdatamodeld;
			sourceTree = "<group>";
			versionGroupType = wrapper.xcdatamodel;
		};
/* End XCVersionGroup section */
	};
	rootObject = 1FCACA851F79BECD00DC392D /* Project object */;
}
